
Microsoft Visual Studio Solution File, Format Version 12.00
# Visual Studio Version 16
VisualStudioVersion = 16.0.29613.14
MinimumVisualStudioVersion = 10.0.40219.1
Project("{9A19103F-16F7-4668-BE54-9A1E7A4F7556}") = "Blog", "Blog\Blog.csproj", "{6ECBE8DE-3D27-4C34-B2EA-B1152EAE9096}"
EndProject
Global
	GlobalSection(SolutionConfigurationPlatforms) = preSolution
		Debug|Any CPU = Debug|Any CPU
		Release|Any CPU = Release|Any CPU
	EndGlobalSection
	GlobalSection(ProjectConfigurationPlatforms) = postSolution
		{6ECBE8DE-3D27-4C34-B2EA-B1152EAE9096}.Debug|Any CPU.ActiveCfg = Debug|Any CPU
		{6ECBE8DE-3D27-4C34-B2EA-B1152EAE9096}.Debug|Any CPU.Build.0 = Debug|Any CPU
		{6ECBE8DE-3D27-4C34-B2EA-B1152EAE9096}.Release|Any CPU.ActiveCfg = Release|Any CPU
		{6ECBE8DE-3D27-4C34-B2EA-B1152EAE9096}.Release|Any CPU.Build.0 = Release|Any CPU
	EndGlobalSection
	GlobalSection(SolutionProperties) = preSolution
		HideSolutionNode = FALSE
	EndGlobalSection
	GlobalSection(ExtensibilityGlobals) = postSolution
		SolutionGuid = {ED708348-5672-4774-8FFF-68A2A16A09EA}
	EndGlobalSection
EndGlobal
